
Microsoft Visual Studio Solution File, Format Version 12.00
# Visual Studio 15
VisualStudioVersion = 15.0.27703.2035
MinimumVisualStudioVersion = 10.0.40219.1
Project("{FAE04EC0-301F-11D3-BF4B-00C04F79EFBC}") = "waHaylliCore.EntityModel", "waHaylliCore.EntityModel\waHaylliCore.EntityModel.csproj", "{BDDC87E3-F33A-4145-B223-CBBBC403E63B}"
EndProject
Project("{FAE04EC0-301F-11D3-BF4B-00C04F79EFBC}") = "waHaylliCore.DataModel", "waHaylliCore.DataModel\waHaylliCore.DataModel.csproj", "{74C9EBAC-84B4-49A5-9B1F-B031A7BFFC2D}"
EndProject
Project("{FAE04EC0-301F-11D3-BF4B-00C04F79EFBC}") = "waHaylliCore.Mvc", "waHaylliCore.Mvc\waHaylliCore.Mvc.csproj", "{22128F54-24E6-46F2-83EA-53E22E5F973B}"
EndProject
Project("{FAE04EC0-301F-11D3-BF4B-00C04F79EFBC}") = "waHaylliCore.DataAccess", "waHaylliCore.DataAccess\waHaylliCore.DataAccess.csproj", "{EC8CCAF9-FE08-436F-923F-A1DB4B08AE07}"
EndProject
Project("{FAE04EC0-301F-11D3-BF4B-00C04F79EFBC}") = "waHaylliCore.Common", "waHaylliCore.Common\waHaylliCore.Common.csproj", "{4AA6CD48-0E4C-4561-9A24-1234932558D5}"
EndProject
Project("{FAE04EC0-301F-11D3-BF4B-00C04F79EFBC}") = "waHaylliCore.Console", "waHaylliCore.Console\waHaylliCore.Console.csproj", "{FEB1133B-B4C2-4F1F-84D9-0FA7372D8F4E}"
EndProject
Project("{FAE04EC0-301F-11D3-BF4B-00C04F79EFBC}") = "waHaylliCore.Business", "waHaylliCore.Business\waHaylliCore.Business.csproj", "{E65795FA-F352-473C-9989-E9A74AFD26CA}"
EndProject
Project("{FAE04EC0-301F-11D3-BF4B-00C04F79EFBC}") = "waHaylliCore.ApiRest", "waHaylliCore.ApiRest\waHaylliCore.ApiRest.csproj", "{0F0CE0A5-294F-446B-BDBE-55089E6F0617}"
EndProject
Global
	GlobalSection(SolutionConfigurationPlatforms) = preSolution
		Debug|Any CPU = Debug|Any CPU
		Release|Any CPU = Release|Any CPU
	EndGlobalSection
	GlobalSection(ProjectConfigurationPlatforms) = postSolution
		{BDDC87E3-F33A-4145-B223-CBBBC403E63B}.Debug|Any CPU.ActiveCfg = Debug|Any CPU
		{BDDC87E3-F33A-4145-B223-CBBBC403E63B}.Debug|Any CPU.Build.0 = Debug|Any CPU
		{BDDC87E3-F33A-4145-B223-CBBBC403E63B}.Release|Any CPU.ActiveCfg = Release|Any CPU
		{BDDC87E3-F33A-4145-B223-CBBBC403E63B}.Release|Any CPU.Build.0 = Release|Any CPU
		{74C9EBAC-84B4-49A5-9B1F-B031A7BFFC2D}.Debug|Any CPU.ActiveCfg = Debug|Any CPU
		{74C9EBAC-84B4-49A5-9B1F-B031A7BFFC2D}.Debug|Any CPU.Build.0 = Debug|Any CPU
		{74C9EBAC-84B4-49A5-9B1F-B031A7BFFC2D}.Release|Any CPU.ActiveCfg = Release|Any CPU
		{74C9EBAC-84B4-49A5-9B1F-B031A7BFFC2D}.Release|Any CPU.Build.0 = Release|Any CPU
		{22128F54-24E6-46F2-83EA-53E22E5F973B}.Debug|Any CPU.ActiveCfg = Debug|Any CPU
		{22128F54-24E6-46F2-83EA-53E22E5F973B}.Debug|Any CPU.Build.0 = Debug|Any CPU
		{22128F54-24E6-46F2-83EA-53E22E5F973B}.Release|Any CPU.ActiveCfg = Release|Any CPU
		{22128F54-24E6-46F2-83EA-53E22E5F973B}.Release|Any CPU.Build.0 = Release|Any CPU
		{EC8CCAF9-FE08-436F-923F-A1DB4B08AE07}.Debug|Any CPU.ActiveCfg = Debug|Any CPU
		{EC8CCAF9-FE08-436F-923F-A1DB4B08AE07}.Debug|Any CPU.Build.0 = Debug|Any CPU
		{EC8CCAF9-FE08-436F-923F-A1DB4B08AE07}.Release|Any CPU.ActiveCfg = Release|Any CPU
		{EC8CCAF9-FE08-436F-923F-A1DB4B08AE07}.Release|Any CPU.Build.0 = Release|Any CPU
		{4AA6CD48-0E4C-4561-9A24-1234932558D5}.Debug|Any CPU.ActiveCfg = Debug|Any CPU
		{4AA6CD48-0E4C-4561-9A24-1234932558D5}.Debug|Any CPU.Build.0 = Debug|Any CPU
		{4AA6CD48-0E4C-4561-9A24-1234932558D5}.Release|Any CPU.ActiveCfg = Release|Any CPU
		{4AA6CD48-0E4C-4561-9A24-1234932558D5}.Release|Any CPU.Build.0 = Release|Any CPU
		{FEB1133B-B4C2-4F1F-84D9-0FA7372D8F4E}.Debug|Any CPU.ActiveCfg = Debug|Any CPU
		{FEB1133B-B4C2-4F1F-84D9-0FA7372D8F4E}.Debug|Any CPU.Build.0 = Debug|Any CPU
		{FEB1133B-B4C2-4F1F-84D9-0FA7372D8F4E}.Release|Any CPU.ActiveCfg = Release|Any CPU
		{FEB1133B-B4C2-4F1F-84D9-0FA7372D8F4E}.Release|Any CPU.Build.0 = Release|Any CPU
		{E65795FA-F352-473C-9989-E9A74AFD26CA}.Debug|Any CPU.ActiveCfg = Debug|Any CPU
		{E65795FA-F352-473C-9989-E9A74AFD26CA}.Debug|Any CPU.Build.0 = Debug|Any CPU
		{E65795FA-F352-473C-9989-E9A74AFD26CA}.Release|Any CPU.ActiveCfg = Release|Any CPU
		{E65795FA-F352-473C-9989-E9A74AFD26CA}.Release|Any CPU.Build.0 = Release|Any CPU
		{0F0CE0A5-294F-446B-BDBE-55089E6F0617}.Debug|Any CPU.ActiveCfg = Debug|Any CPU
		{0F0CE0A5-294F-446B-BDBE-55089E6F0617}.Debug|Any CPU.Build.0 = Debug|Any CPU
		{0F0CE0A5-294F-446B-BDBE-55089E6F0617}.Release|Any CPU.ActiveCfg = Release|Any CPU
		{0F0CE0A5-294F-446B-BDBE-55089E6F0617}.Release|Any CPU.Build.0 = Release|Any CPU
	EndGlobalSection
	GlobalSection(SolutionProperties) = preSolution
		HideSolutionNode = FALSE
	EndGlobalSection
	GlobalSection(ExtensibilityGlobals) = postSolution
		SolutionGuid = {3E264E5F-3CAC-4817-B6D5-37FDC25118ED}
	EndGlobalSection
EndGlobal
